
Microsoft Visual Studio Solution File, Format Version 12.00
# Visual Studio Version 17
VisualStudioVersion = 17.8.34330.188
MinimumVisualStudioVersion = 10.0.40219.1
Project("{F184B08F-C81C-45F6-A57F-5ABD9991F28F}") = "ABS", "ABS\ABS.vbproj", "{8AC20144-AD3B-4B63-B4CE-E14FAA115DD2}"
	ProjectSection(ProjectDependencies) = postProject
		{BAA59583-9614-4718-BCA5-FA3A1D7638A7} = {BAA59583-9614-4718-BCA5-FA3A1D7638A7}
		{FEDE76DB-DB57-4642-A943-748898F4CC9E} = {FEDE76DB-DB57-4642-A943-748898F4CC9E}
	EndProjectSection
EndProject
Project("{F184B08F-C81C-45F6-A57F-5ABD9991F28F}") = "AS", "AS\AS.vbproj", "{E91FD05E-20CB-41EB-8395-386AC8962664}"
	ProjectSection(ProjectDependencies) = postProject
		{8AC20144-AD3B-4B63-B4CE-E14FAA115DD2} = {8AC20144-AD3B-4B63-B4CE-E14FAA115DD2}
		{BAA59583-9614-4718-BCA5-FA3A1D7638A7} = {BAA59583-9614-4718-BCA5-FA3A1D7638A7}
		{F8DA3299-4A2C-473D-9AEE-C00295788E43} = {F8DA3299-4A2C-473D-9AEE-C00295788E43}
	EndProjectSection
EndProject
Project("{F184B08F-C81C-45F6-A57F-5ABD9991F28F}") = "ABSX", "ABSX\ABSX.vbproj", "{BAA59583-9614-4718-BCA5-FA3A1D7638A7}"
EndProject
Project("{F184B08F-C81C-45F6-A57F-5ABD9991F28F}") = "TA", "TA\TA.vbproj", "{557BF4B8-752B-4B73-A755-56B2CE9DFBDE}"
	ProjectSection(ProjectDependencies) = postProject
		{8AC20144-AD3B-4B63-B4CE-E14FAA115DD2} = {8AC20144-AD3B-4B63-B4CE-E14FAA115DD2}
		{BAA59583-9614-4718-BCA5-FA3A1D7638A7} = {BAA59583-9614-4718-BCA5-FA3A1D7638A7}
		{F8DA3299-4A2C-473D-9AEE-C00295788E43} = {F8DA3299-4A2C-473D-9AEE-C00295788E43}
		{FEDE76DB-DB57-4642-A943-748898F4CC9E} = {FEDE76DB-DB57-4642-A943-748898F4CC9E}
	EndProjectSection
EndProject
Project("{FAE04EC0-301F-11D3-BF4B-00C04F79EFBC}") = "ABSCS", "ABSCS\ABSCS.csproj", "{FEDE76DB-DB57-4642-A943-748898F4CC9E}"
EndProject
Project("{F184B08F-C81C-45F6-A57F-5ABD9991F28F}") = "ED", "ED\ED.vbproj", "{9ACAA254-106E-439E-BECB-64EF5C04FCB0}"
	ProjectSection(ProjectDependencies) = postProject
		{8AC20144-AD3B-4B63-B4CE-E14FAA115DD2} = {8AC20144-AD3B-4B63-B4CE-E14FAA115DD2}
		{BAA59583-9614-4718-BCA5-FA3A1D7638A7} = {BAA59583-9614-4718-BCA5-FA3A1D7638A7}
		{F8DA3299-4A2C-473D-9AEE-C00295788E43} = {F8DA3299-4A2C-473D-9AEE-C00295788E43}
	EndProjectSection
EndProject
Project("{F184B08F-C81C-45F6-A57F-5ABD9991F28F}") = "SA", "SA\SA.vbproj", "{971DDC73-5021-4B37-92ED-86217375187D}"
	ProjectSection(ProjectDependencies) = postProject
		{8AC20144-AD3B-4B63-B4CE-E14FAA115DD2} = {8AC20144-AD3B-4B63-B4CE-E14FAA115DD2}
		{BAA59583-9614-4718-BCA5-FA3A1D7638A7} = {BAA59583-9614-4718-BCA5-FA3A1D7638A7}
		{F8DA3299-4A2C-473D-9AEE-C00295788E43} = {F8DA3299-4A2C-473D-9AEE-C00295788E43}
		{FEDE76DB-DB57-4642-A943-748898F4CC9E} = {FEDE76DB-DB57-4642-A943-748898F4CC9E}
	EndProjectSection
EndProject
Project("{F184B08F-C81C-45F6-A57F-5ABD9991F28F}") = "SO", "SO\SO.vbproj", "{8D5FC60D-762B-4FF0-877E-689951DAAE1F}"
	ProjectSection(ProjectDependencies) = postProject
		{8AC20144-AD3B-4B63-B4CE-E14FAA115DD2} = {8AC20144-AD3B-4B63-B4CE-E14FAA115DD2}
		{BAA59583-9614-4718-BCA5-FA3A1D7638A7} = {BAA59583-9614-4718-BCA5-FA3A1D7638A7}
		{F8DA3299-4A2C-473D-9AEE-C00295788E43} = {F8DA3299-4A2C-473D-9AEE-C00295788E43}
		{FEDE76DB-DB57-4642-A943-748898F4CC9E} = {FEDE76DB-DB57-4642-A943-748898F4CC9E}
	EndProjectSection
EndProject
Project("{F184B08F-C81C-45F6-A57F-5ABD9991F28F}") = "IC", "IC\IC.vbproj", "{84957AC3-4F28-4557-B9BA-457041397E67}"
	ProjectSection(ProjectDependencies) = postProject
		{8AC20144-AD3B-4B63-B4CE-E14FAA115DD2} = {8AC20144-AD3B-4B63-B4CE-E14FAA115DD2}
		{BAA59583-9614-4718-BCA5-FA3A1D7638A7} = {BAA59583-9614-4718-BCA5-FA3A1D7638A7}
		{F8DA3299-4A2C-473D-9AEE-C00295788E43} = {F8DA3299-4A2C-473D-9AEE-C00295788E43}
	EndProjectSection
EndProject
Project("{F184B08F-C81C-45F6-A57F-5ABD9991F28F}") = "TAC", "TAC\TAC.vbproj", "{F8DA3299-4A2C-473D-9AEE-C00295788E43}"
EndProject
Project("{F184B08F-C81C-45F6-A57F-5ABD9991F28F}") = "DP", "DP\DP.vbproj", "{08664A4E-5D72-46F5-8505-72EDF49322B4}"
	ProjectSection(ProjectDependencies) = postProject
		{8AC20144-AD3B-4B63-B4CE-E14FAA115DD2} = {8AC20144-AD3B-4B63-B4CE-E14FAA115DD2}
		{F8DA3299-4A2C-473D-9AEE-C00295788E43} = {F8DA3299-4A2C-473D-9AEE-C00295788E43}
	EndProjectSection
EndProject
Project("{F184B08F-C81C-45F6-A57F-5ABD9991F28F}") = "RS", "RS\RS.vbproj", "{AF68C405-0F35-47D4-8C97-AE261B5EADFE}"
	ProjectSection(ProjectDependencies) = postProject
		{8AC20144-AD3B-4B63-B4CE-E14FAA115DD2} = {8AC20144-AD3B-4B63-B4CE-E14FAA115DD2}
		{F8DA3299-4A2C-473D-9AEE-C00295788E43} = {F8DA3299-4A2C-473D-9AEE-C00295788E43}
	EndProjectSection
EndProject
Project("{F184B08F-C81C-45F6-A57F-5ABD9991F28F}") = "PO", "PO\PO.vbproj", "{A924EEFC-8003-4044-A1EF-CD0A0B6C761E}"
EndProject
Project("{F184B08F-C81C-45F6-A57F-5ABD9991F28F}") = "BM", "BM\BM.vbproj", "{267E1EFA-4F31-4ADE-BA91-064330DA898B}"
EndProject
Project("{F184B08F-C81C-45F6-A57F-5ABD9991F28F}") = "AP", "AP\AP.vbproj", "{9611728C-3A18-4E69-A125-48DBD23944B8}"
EndProject
Project("{F184B08F-C81C-45F6-A57F-5ABD9991F28F}") = "AR", "AR\AR.vbproj", "{77E0AECB-C99C-40AC-9CEC-04A59D82AE90}"
	ProjectSection(ProjectDependencies) = postProject
		{62A964F3-C36D-46DE-938F-1D04DAA80C45} = {62A964F3-C36D-46DE-938F-1D04DAA80C45}
	EndProjectSection
EndProject
Project("{F184B08F-C81C-45F6-A57F-5ABD9991F28F}") = "ABSC", "ABSC\ABSC.vbproj", "{FAF62E09-6F1D-4545-ABD5-E95F3FD93F9A}"
	ProjectSection(ProjectDependencies) = postProject
		{8AC20144-AD3B-4B63-B4CE-E14FAA115DD2} = {8AC20144-AD3B-4B63-B4CE-E14FAA115DD2}
	EndProjectSection
EndProject
Project("{F184B08F-C81C-45F6-A57F-5ABD9991F28F}") = "GL", "GL\GL.vbproj", "{1FF166EC-995A-433C-AA50-AF7E07134767}"
EndProject
Project("{F184B08F-C81C-45F6-A57F-5ABD9991F28F}") = "WH", "WH\WH.vbproj", "{F8D6DF6B-9F41-4BEE-AE51-B9DA273F80BC}"
EndProject
Project("{F184B08F-C81C-45F6-A57F-5ABD9991F28F}") = "CC", "CC\CC.vbproj", "{62A964F3-C36D-46DE-938F-1D04DAA80C45}"
EndProject
Project("{F184B08F-C81C-45F6-A57F-5ABD9991F28F}") = "SP", "SP\SP.vbproj", "{850B793E-7655-4575-AF88-CA238D7CEEDA}"
EndProject
Project("{F184B08F-C81C-45F6-A57F-5ABD9991F28F}") = "WHC", "WHC\WHC.vbproj", "{169F5E5F-D5E6-4DCA-8571-A1D4E6188B97}"
EndProject
Project("{F184B08F-C81C-45F6-A57F-5ABD9991F28F}") = "FA", "FA\FA.vbproj", "{295E5A5E-42BD-4718-B50B-25C1DD6F9744}"
EndProject
Global
	GlobalSection(SolutionConfigurationPlatforms) = preSolution
		Debug|.NET = Debug|.NET
		Debug|Any CPU = Debug|Any CPU
		Debug|Mixed Platforms = Debug|Mixed Platforms
		Debug|x64 = Debug|x64
		Debug|x86 = Debug|x86
		Release|.NET = Release|.NET
		Release|Any CPU = Release|Any CPU
		Release|Mixed Platforms = Release|Mixed Platforms
		Release|x64 = Release|x64
		Release|x86 = Release|x86
	EndGlobalSection
	GlobalSection(ProjectConfigurationPlatforms) = postSolution
		{8AC20144-AD3B-4B63-B4CE-E14FAA115DD2}.Debug|.NET.ActiveCfg = Debug|Any CPU
		{8AC20144-AD3B-4B63-B4CE-E14FAA115DD2}.Debug|Any CPU.ActiveCfg = Debug|Any CPU
		{8AC20144-AD3B-4B63-B4CE-E14FAA115DD2}.Debug|Any CPU.Build.0 = Debug|Any CPU
		{8AC20144-AD3B-4B63-B4CE-E14FAA115DD2}.Debug|Mixed Platforms.ActiveCfg = Debug|x86
		{8AC20144-AD3B-4B63-B4CE-E14FAA115DD2}.Debug|Mixed Platforms.Build.0 = Debug|x86
		{8AC20144-AD3B-4B63-B4CE-E14FAA115DD2}.Debug|x64.ActiveCfg = Debug|x64
		{8AC20144-AD3B-4B63-B4CE-E14FAA115DD2}.Debug|x64.Build.0 = Debug|x64
		{8AC20144-AD3B-4B63-B4CE-E14FAA115DD2}.Debug|x86.ActiveCfg = Debug|x86
		{8AC20144-AD3B-4B63-B4CE-E14FAA115DD2}.Debug|x86.Build.0 = Debug|x86
		{8AC20144-AD3B-4B63-B4CE-E14FAA115DD2}.Release|.NET.ActiveCfg = Release|Any CPU
		{8AC20144-AD3B-4B63-B4CE-E14FAA115DD2}.Release|Any CPU.ActiveCfg = Release|Any CPU
		{8AC20144-AD3B-4B63-B4CE-E14FAA115DD2}.Release|Any CPU.Build.0 = Release|Any CPU
		{8AC20144-AD3B-4B63-B4CE-E14FAA115DD2}.Release|Mixed Platforms.ActiveCfg = Release|x86
		{8AC20144-AD3B-4B63-B4CE-E14FAA115DD2}.Release|Mixed Platforms.Build.0 = Release|x86
		{8AC20144-AD3B-4B63-B4CE-E14FAA115DD2}.Release|x64.ActiveCfg = Release|x64
		{8AC20144-AD3B-4B63-B4CE-E14FAA115DD2}.Release|x64.Build.0 = Release|x64
		{8AC20144-AD3B-4B63-B4CE-E14FAA115DD2}.Release|x86.ActiveCfg = Release|x86
		{8AC20144-AD3B-4B63-B4CE-E14FAA115DD2}.Release|x86.Build.0 = Release|x86
		{E91FD05E-20CB-41EB-8395-386AC8962664}.Debug|.NET.ActiveCfg = Debug|Any CPU
		{E91FD05E-20CB-41EB-8395-386AC8962664}.Debug|Any CPU.ActiveCfg = Debug|Any CPU
		{E91FD05E-20CB-41EB-8395-386AC8962664}.Debug|Any CPU.Build.0 = Debug|Any CPU
		{E91FD05E-20CB-41EB-8395-386AC8962664}.Debug|Mixed Platforms.ActiveCfg = Debug|x86
		{E91FD05E-20CB-41EB-8395-386AC8962664}.Debug|Mixed Platforms.Build.0 = Debug|x86
		{E91FD05E-20CB-41EB-8395-386AC8962664}.Debug|x64.ActiveCfg = Debug|x64
		{E91FD05E-20CB-41EB-8395-386AC8962664}.Debug|x64.Build.0 = Debug|x64
		{E91FD05E-20CB-41EB-8395-386AC8962664}.Debug|x86.ActiveCfg = Debug|x86
		{E91FD05E-20CB-41EB-8395-386AC8962664}.Debug|x86.Build.0 = Debug|x86
		{E91FD05E-20CB-41EB-8395-386AC8962664}.Release|.NET.ActiveCfg = Release|Any CPU
		{E91FD05E-20CB-41EB-8395-386AC8962664}.Release|Any CPU.ActiveCfg = Release|Any CPU
		{E91FD05E-20CB-41EB-8395-386AC8962664}.Release|Any CPU.Build.0 = Release|Any CPU
		{E91FD05E-20CB-41EB-8395-386AC8962664}.Release|Mixed Platforms.ActiveCfg = Release|x86
		{E91FD05E-20CB-41EB-8395-386AC8962664}.Release|Mixed Platforms.Build.0 = Release|x86
		{E91FD05E-20CB-41EB-8395-386AC8962664}.Release|x64.ActiveCfg = Release|x64
		{E91FD05E-20CB-41EB-8395-386AC8962664}.Release|x64.Build.0 = Release|x64
		{E91FD05E-20CB-41EB-8395-386AC8962664}.Release|x86.ActiveCfg = Release|x86
		{E91FD05E-20CB-41EB-8395-386AC8962664}.Release|x86.Build.0 = Release|x86
		{BAA59583-9614-4718-BCA5-FA3A1D7638A7}.Debug|.NET.ActiveCfg = Debug|Any CPU
		{BAA59583-9614-4718-BCA5-FA3A1D7638A7}.Debug|Any CPU.ActiveCfg = Debug|Any CPU
		{BAA59583-9614-4718-BCA5-FA3A1D7638A7}.Debug|Any CPU.Build.0 = Debug|Any CPU
		{BAA59583-9614-4718-BCA5-FA3A1D7638A7}.Debug|Mixed Platforms.ActiveCfg = Debug|x86
		{BAA59583-9614-4718-BCA5-FA3A1D7638A7}.Debug|Mixed Platforms.Build.0 = Debug|x86
		{BAA59583-9614-4718-BCA5-FA3A1D7638A7}.Debug|x64.ActiveCfg = Debug|x64
		{BAA59583-9614-4718-BCA5-FA3A1D7638A7}.Debug|x64.Build.0 = Debug|x64
		{BAA59583-9614-4718-BCA5-FA3A1D7638A7}.Debug|x86.ActiveCfg = Debug|x86
		{BAA59583-9614-4718-BCA5-FA3A1D7638A7}.Debug|x86.Build.0 = Debug|x86
		{BAA59583-9614-4718-BCA5-FA3A1D7638A7}.Release|.NET.ActiveCfg = Release|Any CPU
		{BAA59583-9614-4718-BCA5-FA3A1D7638A7}.Release|Any CPU.ActiveCfg = Release|Any CPU
		{BAA59583-9614-4718-BCA5-FA3A1D7638A7}.Release|Any CPU.Build.0 = Release|Any CPU
		{BAA59583-9614-4718-BCA5-FA3A1D7638A7}.Release|Mixed Platforms.ActiveCfg = Release|x86
		{BAA59583-9614-4718-BCA5-FA3A1D7638A7}.Release|Mixed Platforms.Build.0 = Release|x86
		{BAA59583-9614-4718-BCA5-FA3A1D7638A7}.Release|x64.ActiveCfg = Release|x64
		{BAA59583-9614-4718-BCA5-FA3A1D7638A7}.Release|x64.Build.0 = Release|x64
		{BAA59583-9614-4718-BCA5-FA3A1D7638A7}.Release|x86.ActiveCfg = Release|x86
		{BAA59583-9614-4718-BCA5-FA3A1D7638A7}.Release|x86.Build.0 = Release|x86
		{557BF4B8-752B-4B73-A755-56B2CE9DFBDE}.Debug|.NET.ActiveCfg = Debug|Any CPU
		{557BF4B8-752B-4B73-A755-56B2CE9DFBDE}.Debug|Any CPU.ActiveCfg = Debug|Any CPU
		{557BF4B8-752B-4B73-A755-56B2CE9DFBDE}.Debug|Any CPU.Build.0 = Debug|Any CPU
		{557BF4B8-752B-4B73-A755-56B2CE9DFBDE}.Debug|Mixed Platforms.ActiveCfg = Debug|x86
		{557BF4B8-752B-4B73-A755-56B2CE9DFBDE}.Debug|Mixed Platforms.Build.0 = Debug|x86
		{557BF4B8-752B-4B73-A755-56B2CE9DFBDE}.Debug|x64.ActiveCfg = Debug|x64
		{557BF4B8-752B-4B73-A755-56B2CE9DFBDE}.Debug|x64.Build.0 = Debug|x64
		{557BF4B8-752B-4B73-A755-56B2CE9DFBDE}.Debug|x86.ActiveCfg = Debug|x86
		{557BF4B8-752B-4B73-A755-56B2CE9DFBDE}.Debug|x86.Build.0 = Debug|x86
		{557BF4B8-752B-4B73-A755-56B2CE9DFBDE}.Release|.NET.ActiveCfg = Release|Any CPU
		{557BF4B8-752B-4B73-A755-56B2CE9DFBDE}.Release|Any CPU.ActiveCfg = Release|Any CPU
		{557BF4B8-752B-4B73-A755-56B2CE9DFBDE}.Release|Any CPU.Build.0 = Release|Any CPU
		{557BF4B8-752B-4B73-A755-56B2CE9DFBDE}.Release|Mixed Platforms.ActiveCfg = Release|x86
		{557BF4B8-752B-4B73-A755-56B2CE9DFBDE}.Release|Mixed Platforms.Build.0 = Release|x86
		{557BF4B8-752B-4B73-A755-56B2CE9DFBDE}.Release|x64.ActiveCfg = Release|x64
		{557BF4B8-752B-4B73-A755-56B2CE9DFBDE}.Release|x64.Build.0 = Release|x64
		{557BF4B8-752B-4B73-A755-56B2CE9DFBDE}.Release|x86.ActiveCfg = Release|x86
		{557BF4B8-752B-4B73-A755-56B2CE9DFBDE}.Release|x86.Build.0 = Release|x86
		{FEDE76DB-DB57-4642-A943-748898F4CC9E}.Debug|.NET.ActiveCfg = Debug|Any CPU
		{FEDE76DB-DB57-4642-A943-748898F4CC9E}.Debug|Any CPU.ActiveCfg = Debug|Any CPU
		{FEDE76DB-DB57-4642-A943-748898F4CC9E}.Debug|Any CPU.Build.0 = Debug|Any CPU
		{FEDE76DB-DB57-4642-A943-748898F4CC9E}.Debug|Mixed Platforms.ActiveCfg = Debug|x86
		{FEDE76DB-DB57-4642-A943-748898F4CC9E}.Debug|Mixed Platforms.Build.0 = Debug|x86
		{FEDE76DB-DB57-4642-A943-748898F4CC9E}.Debug|x64.ActiveCfg = Debug|x64
		{FEDE76DB-DB57-4642-A943-748898F4CC9E}.Debug|x64.Build.0 = Debug|x64
		{FEDE76DB-DB57-4642-A943-748898F4CC9E}.Debug|x86.ActiveCfg = Debug|x86
		{FEDE76DB-DB57-4642-A943-748898F4CC9E}.Debug|x86.Build.0 = Debug|x86
		{FEDE76DB-DB57-4642-A943-748898F4CC9E}.Release|.NET.ActiveCfg = Release|Any CPU
		{FEDE76DB-DB57-4642-A943-748898F4CC9E}.Release|Any CPU.ActiveCfg = Release|Any CPU
		{FEDE76DB-DB57-4642-A943-748898F4CC9E}.Release|Any CPU.Build.0 = Release|Any CPU
		{FEDE76DB-DB57-4642-A943-748898F4CC9E}.Release|Mixed Platforms.ActiveCfg = Release|x86
		{FEDE76DB-DB57-4642-A943-748898F4CC9E}.Release|Mixed Platforms.Build.0 = Release|x86
		{FEDE76DB-DB57-4642-A943-748898F4CC9E}.Release|x64.ActiveCfg = Release|x64
		{FEDE76DB-DB57-4642-A943-748898F4CC9E}.Release|x64.Build.0 = Release|x64
		{FEDE76DB-DB57-4642-A943-748898F4CC9E}.Release|x86.ActiveCfg = Release|x86
		{FEDE76DB-DB57-4642-A943-748898F4CC9E}.Release|x86.Build.0 = Release|x86
		{9ACAA254-106E-439E-BECB-64EF5C04FCB0}.Debug|.NET.ActiveCfg = Debug|Any CPU
		{9ACAA254-106E-439E-BECB-64EF5C04FCB0}.Debug|Any CPU.ActiveCfg = Debug|Any CPU
		{9ACAA254-106E-439E-BECB-64EF5C04FCB0}.Debug|Any CPU.Build.0 = Debug|Any CPU
		{9ACAA254-106E-439E-BECB-64EF5C04FCB0}.Debug|Mixed Platforms.ActiveCfg = Debug|x86
		{9ACAA254-106E-439E-BECB-64EF5C04FCB0}.Debug|Mixed Platforms.Build.0 = Debug|x86
		{9ACAA254-106E-439E-BECB-64EF5C04FCB0}.Debug|x64.ActiveCfg = Debug|x64
		{9ACAA254-106E-439E-BECB-64EF5C04FCB0}.Debug|x64.Build.0 = Debug|x64
		{9ACAA254-106E-439E-BECB-64EF5C04FCB0}.Debug|x86.ActiveCfg = Debug|x86
		{9ACAA254-106E-439E-BECB-64EF5C04FCB0}.Debug|x86.Build.0 = Debug|x86
		{9ACAA254-106E-439E-BECB-64EF5C04FCB0}.Release|.NET.ActiveCfg = Release|Any CPU
		{9ACAA254-106E-439E-BECB-64EF5C04FCB0}.Release|Any CPU.ActiveCfg = Release|Any CPU
		{9ACAA254-106E-439E-BECB-64EF5C04FCB0}.Release|Any CPU.Build.0 = Release|Any CPU
		{9ACAA254-106E-439E-BECB-64EF5C04FCB0}.Release|Mixed Platforms.ActiveCfg = Release|x86
		{9ACAA254-106E-439E-BECB-64EF5C04FCB0}.Release|Mixed Platforms.Build.0 = Release|x86
		{9ACAA254-106E-439E-BECB-64EF5C04FCB0}.Release|x64.ActiveCfg = Release|x64
		{9ACAA254-106E-439E-BECB-64EF5C04FCB0}.Release|x64.Build.0 = Release|x64
		{9ACAA254-106E-439E-BECB-64EF5C04FCB0}.Release|x86.ActiveCfg = Release|x86
		{9ACAA254-106E-439E-BECB-64EF5C04FCB0}.Release|x86.Build.0 = Release|x86
		{971DDC73-5021-4B37-92ED-86217375187D}.Debug|.NET.ActiveCfg = Debug|Any CPU
		{971DDC73-5021-4B37-92ED-86217375187D}.Debug|Any CPU.ActiveCfg = Debug|Any CPU
		{971DDC73-5021-4B37-92ED-86217375187D}.Debug|Any CPU.Build.0 = Debug|Any CPU
		{971DDC73-5021-4B37-92ED-86217375187D}.Debug|Mixed Platforms.ActiveCfg = Debug|x86
		{971DDC73-5021-4B37-92ED-86217375187D}.Debug|Mixed Platforms.Build.0 = Debug|x86
		{971DDC73-5021-4B37-92ED-86217375187D}.Debug|x64.ActiveCfg = Debug|x64
		{971DDC73-5021-4B37-92ED-86217375187D}.Debug|x64.Build.0 = Debug|x64
		{971DDC73-5021-4B37-92ED-86217375187D}.Debug|x86.ActiveCfg = Debug|x86
		{971DDC73-5021-4B37-92ED-86217375187D}.Debug|x86.Build.0 = Debug|x86
		{971DDC73-5021-4B37-92ED-86217375187D}.Release|.NET.ActiveCfg = Release|Any CPU
		{971DDC73-5021-4B37-92ED-86217375187D}.Release|Any CPU.ActiveCfg = Release|Any CPU
		{971DDC73-5021-4B37-92ED-86217375187D}.Release|Any CPU.Build.0 = Release|Any CPU
		{971DDC73-5021-4B37-92ED-86217375187D}.Release|Mixed Platforms.ActiveCfg = Release|x86
		{971DDC73-5021-4B37-92ED-86217375187D}.Release|Mixed Platforms.Build.0 = Release|x86
		{971DDC73-5021-4B37-92ED-86217375187D}.Release|x64.ActiveCfg = Release|x64
		{971DDC73-5021-4B37-92ED-86217375187D}.Release|x64.Build.0 = Release|x64
		{971DDC73-5021-4B37-92ED-86217375187D}.Release|x86.ActiveCfg = Release|x86
		{971DDC73-5021-4B37-92ED-86217375187D}.Release|x86.Build.0 = Release|x86
		{8D5FC60D-762B-4FF0-877E-689951DAAE1F}.Debug|.NET.ActiveCfg = Debug|Any CPU
		{8D5FC60D-762B-4FF0-877E-689951DAAE1F}.Debug|Any CPU.ActiveCfg = Debug|Any CPU
		{8D5FC60D-762B-4FF0-877E-689951DAAE1F}.Debug|Any CPU.Build.0 = Debug|Any CPU
		{8D5FC60D-762B-4FF0-877E-689951DAAE1F}.Debug|Mixed Platforms.ActiveCfg = Debug|x86
		{8D5FC60D-762B-4FF0-877E-689951DAAE1F}.Debug|Mixed Platforms.Build.0 = Debug|x86
		{8D5FC60D-762B-4FF0-877E-689951DAAE1F}.Debug|x64.ActiveCfg = Debug|x64
		{8D5FC60D-762B-4FF0-877E-689951DAAE1F}.Debug|x64.Build.0 = Debug|x64
		{8D5FC60D-762B-4FF0-877E-689951DAAE1F}.Debug|x86.ActiveCfg = Debug|x86
		{8D5FC60D-762B-4FF0-877E-689951DAAE1F}.Debug|x86.Build.0 = Debug|x86
		{8D5FC60D-762B-4FF0-877E-689951DAAE1F}.Release|.NET.ActiveCfg = Release|Any CPU
		{8D5FC60D-762B-4FF0-877E-689951DAAE1F}.Release|Any CPU.ActiveCfg = Release|Any CPU
		{8D5FC60D-762B-4FF0-877E-689951DAAE1F}.Release|Any CPU.Build.0 = Release|Any CPU
		{8D5FC60D-762B-4FF0-877E-689951DAAE1F}.Release|Mixed Platforms.ActiveCfg = Release|x86
		{8D5FC60D-762B-4FF0-877E-689951DAAE1F}.Release|Mixed Platforms.Build.0 = Release|x86
		{8D5FC60D-762B-4FF0-877E-689951DAAE1F}.Release|x64.ActiveCfg = Release|x64
		{8D5FC60D-762B-4FF0-877E-689951DAAE1F}.Release|x64.Build.0 = Release|x64
		{8D5FC60D-762B-4FF0-877E-689951DAAE1F}.Release|x86.ActiveCfg = Release|x86
		{8D5FC60D-762B-4FF0-877E-689951DAAE1F}.Release|x86.Build.0 = Release|x86
		{84957AC3-4F28-4557-B9BA-457041397E67}.Debug|.NET.ActiveCfg = Debug|Any CPU
		{84957AC3-4F28-4557-B9BA-457041397E67}.Debug|Any CPU.ActiveCfg = Debug|Any CPU
		{84957AC3-4F28-4557-B9BA-457041397E67}.Debug|Any CPU.Build.0 = Debug|Any CPU
		{84957AC3-4F28-4557-B9BA-457041397E67}.Debug|Mixed Platforms.ActiveCfg = Debug|x86
		{84957AC3-4F28-4557-B9BA-457041397E67}.Debug|Mixed Platforms.Build.0 = Debug|x86
		{84957AC3-4F28-4557-B9BA-457041397E67}.Debug|x64.ActiveCfg = Debug|x64
		{84957AC3-4F28-4557-B9BA-457041397E67}.Debug|x64.Build.0 = Debug|x64
		{84957AC3-4F28-4557-B9BA-457041397E67}.Debug|x86.ActiveCfg = Debug|x86
		{84957AC3-4F28-4557-B9BA-457041397E67}.Debug|x86.Build.0 = Debug|x86
		{84957AC3-4F28-4557-B9BA-457041397E67}.Release|.NET.ActiveCfg = Release|Any CPU
		{84957AC3-4F28-4557-B9BA-457041397E67}.Release|Any CPU.ActiveCfg = Release|Any CPU
		{84957AC3-4F28-4557-B9BA-457041397E67}.Release|Any CPU.Build.0 = Release|Any CPU
		{84957AC3-4F28-4557-B9BA-457041397E67}.Release|Mixed Platforms.ActiveCfg = Release|x86
		{84957AC3-4F28-4557-B9BA-457041397E67}.Release|Mixed Platforms.Build.0 = Release|x86
		{84957AC3-4F28-4557-B9BA-457041397E67}.Release|x64.ActiveCfg = Release|x64
		{84957AC3-4F28-4557-B9BA-457041397E67}.Release|x64.Build.0 = Release|x64
		{84957AC3-4F28-4557-B9BA-457041397E67}.Release|x86.ActiveCfg = Release|x86
		{84957AC3-4F28-4557-B9BA-457041397E67}.Release|x86.Build.0 = Release|x86
		{F8DA3299-4A2C-473D-9AEE-C00295788E43}.Debug|.NET.ActiveCfg = Debug|Any CPU
		{F8DA3299-4A2C-473D-9AEE-C00295788E43}.Debug|Any CPU.ActiveCfg = Debug|Any CPU
		{F8DA3299-4A2C-473D-9AEE-C00295788E43}.Debug|Any CPU.Build.0 = Debug|Any CPU
		{F8DA3299-4A2C-473D-9AEE-C00295788E43}.Debug|Mixed Platforms.ActiveCfg = Debug|x86
		{F8DA3299-4A2C-473D-9AEE-C00295788E43}.Debug|Mixed Platforms.Build.0 = Debug|x86
		{F8DA3299-4A2C-473D-9AEE-C00295788E43}.Debug|x64.ActiveCfg = Debug|x64
		{F8DA3299-4A2C-473D-9AEE-C00295788E43}.Debug|x64.Build.0 = Debug|x64
		{F8DA3299-4A2C-473D-9AEE-C00295788E43}.Debug|x86.ActiveCfg = Debug|x86
		{F8DA3299-4A2C-473D-9AEE-C00295788E43}.Debug|x86.Build.0 = Debug|x86
		{F8DA3299-4A2C-473D-9AEE-C00295788E43}.Release|.NET.ActiveCfg = Release|Any CPU
		{F8DA3299-4A2C-473D-9AEE-C00295788E43}.Release|Any CPU.ActiveCfg = Release|Any CPU
		{F8DA3299-4A2C-473D-9AEE-C00295788E43}.Release|Any CPU.Build.0 = Release|Any CPU
		{F8DA3299-4A2C-473D-9AEE-C00295788E43}.Release|Mixed Platforms.ActiveCfg = Release|x86
		{F8DA3299-4A2C-473D-9AEE-C00295788E43}.Release|Mixed Platforms.Build.0 = Release|x86
		{F8DA3299-4A2C-473D-9AEE-C00295788E43}.Release|x64.ActiveCfg = Release|x64
		{F8DA3299-4A2C-473D-9AEE-C00295788E43}.Release|x64.Build.0 = Release|x64
		{F8DA3299-4A2C-473D-9AEE-C00295788E43}.Release|x86.ActiveCfg = Release|x86
		{F8DA3299-4A2C-473D-9AEE-C00295788E43}.Release|x86.Build.0 = Release|x86
		{08664A4E-5D72-46F5-8505-72EDF49322B4}.Debug|.NET.ActiveCfg = Debug|Any CPU
		{08664A4E-5D72-46F5-8505-72EDF49322B4}.Debug|Any CPU.ActiveCfg = Debug|Any CPU
		{08664A4E-5D72-46F5-8505-72EDF49322B4}.Debug|Any CPU.Build.0 = Debug|Any CPU
		{08664A4E-5D72-46F5-8505-72EDF49322B4}.Debug|Mixed Platforms.ActiveCfg = Debug|x86
		{08664A4E-5D72-46F5-8505-72EDF49322B4}.Debug|Mixed Platforms.Build.0 = Debug|x86
		{08664A4E-5D72-46F5-8505-72EDF49322B4}.Debug|x64.ActiveCfg = Debug|x64
		{08664A4E-5D72-46F5-8505-72EDF49322B4}.Debug|x64.Build.0 = Debug|x64
		{08664A4E-5D72-46F5-8505-72EDF49322B4}.Debug|x86.ActiveCfg = Debug|x86
		{08664A4E-5D72-46F5-8505-72EDF49322B4}.Debug|x86.Build.0 = Debug|x86
		{08664A4E-5D72-46F5-8505-72EDF49322B4}.Release|.NET.ActiveCfg = Release|Any CPU
		{08664A4E-5D72-46F5-8505-72EDF49322B4}.Release|Any CPU.ActiveCfg = Release|Any CPU
		{08664A4E-5D72-46F5-8505-72EDF49322B4}.Release|Any CPU.Build.0 = Release|Any CPU
		{08664A4E-5D72-46F5-8505-72EDF49322B4}.Release|Mixed Platforms.ActiveCfg = Release|x86
		{08664A4E-5D72-46F5-8505-72EDF49322B4}.Release|Mixed Platforms.Build.0 = Release|x86
		{08664A4E-5D72-46F5-8505-72EDF49322B4}.Release|x64.ActiveCfg = Release|x64
		{08664A4E-5D72-46F5-8505-72EDF49322B4}.Release|x64.Build.0 = Release|x64
		{08664A4E-5D72-46F5-8505-72EDF49322B4}.Release|x86.ActiveCfg = Release|x86
		{08664A4E-5D72-46F5-8505-72EDF49322B4}.Release|x86.Build.0 = Release|x86
		{AF68C405-0F35-47D4-8C97-AE261B5EADFE}.Debug|.NET.ActiveCfg = Debug|Any CPU
		{AF68C405-0F35-47D4-8C97-AE261B5EADFE}.Debug|Any CPU.ActiveCfg = Debug|Any CPU
		{AF68C405-0F35-47D4-8C97-AE261B5EADFE}.Debug|Any CPU.Build.0 = Debug|Any CPU
		{AF68C405-0F35-47D4-8C97-AE261B5EADFE}.Debug|Mixed Platforms.ActiveCfg = Debug|x86
		{AF68C405-0F35-47D4-8C97-AE261B5EADFE}.Debug|Mixed Platforms.Build.0 = Debug|x86
		{AF68C405-0F35-47D4-8C97-AE261B5EADFE}.Debug|x64.ActiveCfg = Debug|x64
		{AF68C405-0F35-47D4-8C97-AE261B5EADFE}.Debug|x64.Build.0 = Debug|x64
		{AF68C405-0F35-47D4-8C97-AE261B5EADFE}.Debug|x86.ActiveCfg = Debug|x86
		{AF68C405-0F35-47D4-8C97-AE261B5EADFE}.Debug|x86.Build.0 = Debug|x86
		{AF68C405-0F35-47D4-8C97-AE261B5EADFE}.Release|.NET.ActiveCfg = Release|Any CPU
		{AF68C405-0F35-47D4-8C97-AE261B5EADFE}.Release|Any CPU.ActiveCfg = Release|Any CPU
		{AF68C405-0F35-47D4-8C97-AE261B5EADFE}.Release|Any CPU.Build.0 = Release|Any CPU
		{AF68C405-0F35-47D4-8C97-AE261B5EADFE}.Release|Mixed Platforms.ActiveCfg = Release|x86
		{AF68C405-0F35-47D4-8C97-AE261B5EADFE}.Release|Mixed Platforms.Build.0 = Release|x86
		{AF68C405-0F35-47D4-8C97-AE261B5EADFE}.Release|x64.ActiveCfg = Release|x64
		{AF68C405-0F35-47D4-8C97-AE261B5EADFE}.Release|x64.Build.0 = Release|x64
		{AF68C405-0F35-47D4-8C97-AE261B5EADFE}.Release|x86.ActiveCfg = Release|x86
		{AF68C405-0F35-47D4-8C97-AE261B5EADFE}.Release|x86.Build.0 = Release|x86
		{A924EEFC-8003-4044-A1EF-CD0A0B6C761E}.Debug|.NET.ActiveCfg = Debug|Any CPU
		{A924EEFC-8003-4044-A1EF-CD0A0B6C761E}.Debug|Any CPU.ActiveCfg = Debug|Any CPU
		{A924EEFC-8003-4044-A1EF-CD0A0B6C761E}.Debug|Any CPU.Build.0 = Debug|Any CPU
		{A924EEFC-8003-4044-A1EF-CD0A0B6C761E}.Debug|Mixed Platforms.ActiveCfg = Debug|x86
		{A924EEFC-8003-4044-A1EF-CD0A0B6C761E}.Debug|Mixed Platforms.Build.0 = Debug|x86
		{A924EEFC-8003-4044-A1EF-CD0A0B6C761E}.Debug|x64.ActiveCfg = Debug|x64
		{A924EEFC-8003-4044-A1EF-CD0A0B6C761E}.Debug|x64.Build.0 = Debug|x64
		{A924EEFC-8003-4044-A1EF-CD0A0B6C761E}.Debug|x86.ActiveCfg = Debug|x86
		{A924EEFC-8003-4044-A1EF-CD0A0B6C761E}.Debug|x86.Build.0 = Debug|x86
		{A924EEFC-8003-4044-A1EF-CD0A0B6C761E}.Release|.NET.ActiveCfg = Release|Any CPU
		{A924EEFC-8003-4044-A1EF-CD0A0B6C761E}.Release|Any CPU.ActiveCfg = Release|Any CPU
		{A924EEFC-8003-4044-A1EF-CD0A0B6C761E}.Release|Any CPU.Build.0 = Release|Any CPU
		{A924EEFC-8003-4044-A1EF-CD0A0B6C761E}.Release|Mixed Platforms.ActiveCfg = Release|x86
		{A924EEFC-8003-4044-A1EF-CD0A0B6C761E}.Release|Mixed Platforms.Build.0 = Release|x86
		{A924EEFC-8003-4044-A1EF-CD0A0B6C761E}.Release|x64.ActiveCfg = Release|x64
		{A924EEFC-8003-4044-A1EF-CD0A0B6C761E}.Release|x64.Build.0 = Release|x64
		{A924EEFC-8003-4044-A1EF-CD0A0B6C761E}.Release|x86.ActiveCfg = Release|x86
		{A924EEFC-8003-4044-A1EF-CD0A0B6C761E}.Release|x86.Build.0 = Release|x86
		{267E1EFA-4F31-4ADE-BA91-064330DA898B}.Debug|.NET.ActiveCfg = Debug|Any CPU
		{267E1EFA-4F31-4ADE-BA91-064330DA898B}.Debug|Any CPU.ActiveCfg = Debug|Any CPU
		{267E1EFA-4F31-4ADE-BA91-064330DA898B}.Debug|Any CPU.Build.0 = Debug|Any CPU
		{267E1EFA-4F31-4ADE-BA91-064330DA898B}.Debug|Mixed Platforms.ActiveCfg = Debug|x86
		{267E1EFA-4F31-4ADE-BA91-064330DA898B}.Debug|Mixed Platforms.Build.0 = Debug|x86
		{267E1EFA-4F31-4ADE-BA91-064330DA898B}.Debug|x64.ActiveCfg = Debug|x64
		{267E1EFA-4F31-4ADE-BA91-064330DA898B}.Debug|x64.Build.0 = Debug|x64
		{267E1EFA-4F31-4ADE-BA91-064330DA898B}.Debug|x86.ActiveCfg = Debug|x86
		{267E1EFA-4F31-4ADE-BA91-064330DA898B}.Debug|x86.Build.0 = Debug|x86
		{267E1EFA-4F31-4ADE-BA91-064330DA898B}.Release|.NET.ActiveCfg = Release|Any CPU
		{267E1EFA-4F31-4ADE-BA91-064330DA898B}.Release|Any CPU.ActiveCfg = Release|Any CPU
		{267E1EFA-4F31-4ADE-BA91-064330DA898B}.Release|Any CPU.Build.0 = Release|Any CPU
		{267E1EFA-4F31-4ADE-BA91-064330DA898B}.Release|Mixed Platforms.ActiveCfg = Release|x86
		{267E1EFA-4F31-4ADE-BA91-064330DA898B}.Release|Mixed Platforms.Build.0 = Release|x86
		{267E1EFA-4F31-4ADE-BA91-064330DA898B}.Release|x64.ActiveCfg = Release|x64
		{267E1EFA-4F31-4ADE-BA91-064330DA898B}.Release|x64.Build.0 = Release|x64
		{267E1EFA-4F31-4ADE-BA91-064330DA898B}.Release|x86.ActiveCfg = Release|x86
		{267E1EFA-4F31-4ADE-BA91-064330DA898B}.Release|x86.Build.0 = Release|x86
		{9611728C-3A18-4E69-A125-48DBD23944B8}.Debug|.NET.ActiveCfg = Debug|Any CPU
		{9611728C-3A18-4E69-A125-48DBD23944B8}.Debug|Any CPU.ActiveCfg = Debug|Any CPU
		{9611728C-3A18-4E69-A125-48DBD23944B8}.Debug|Any CPU.Build.0 = Debug|Any CPU
		{9611728C-3A18-4E69-A125-48DBD23944B8}.Debug|Mixed Platforms.ActiveCfg = Debug|x86
		{9611728C-3A18-4E69-A125-48DBD23944B8}.Debug|Mixed Platforms.Build.0 = Debug|x86
		{9611728C-3A18-4E69-A125-48DBD23944B8}.Debug|x64.ActiveCfg = Debug|x64
		{9611728C-3A18-4E69-A125-48DBD23944B8}.Debug|x64.Build.0 = Debug|x64
		{9611728C-3A18-4E69-A125-48DBD23944B8}.Debug|x86.ActiveCfg = Debug|x86
		{9611728C-3A18-4E69-A125-48DBD23944B8}.Debug|x86.Build.0 = Debug|x86
		{9611728C-3A18-4E69-A125-48DBD23944B8}.Release|.NET.ActiveCfg = Release|Any CPU
		{9611728C-3A18-4E69-A125-48DBD23944B8}.Release|Any CPU.ActiveCfg = Release|Any CPU
		{9611728C-3A18-4E69-A125-48DBD23944B8}.Release|Any CPU.Build.0 = Release|Any CPU
		{9611728C-3A18-4E69-A125-48DBD23944B8}.Release|Mixed Platforms.ActiveCfg = Release|x86
		{9611728C-3A18-4E69-A125-48DBD23944B8}.Release|Mixed Platforms.Build.0 = Release|x86
		{9611728C-3A18-4E69-A125-48DBD23944B8}.Release|x64.ActiveCfg = Release|x64
		{9611728C-3A18-4E69-A125-48DBD23944B8}.Release|x64.Build.0 = Release|x64
		{9611728C-3A18-4E69-A125-48DBD23944B8}.Release|x86.ActiveCfg = Release|x86
		{9611728C-3A18-4E69-A125-48DBD23944B8}.Release|x86.Build.0 = Release|x86
		{77E0AECB-C99C-40AC-9CEC-04A59D82AE90}.Debug|.NET.ActiveCfg = Debug|Any CPU
		{77E0AECB-C99C-40AC-9CEC-04A59D82AE90}.Debug|Any CPU.ActiveCfg = Debug|Any CPU
		{77E0AECB-C99C-40AC-9CEC-04A59D82AE90}.Debug|Any CPU.Build.0 = Debug|Any CPU
		{77E0AECB-C99C-40AC-9CEC-04A59D82AE90}.Debug|Mixed Platforms.ActiveCfg = Debug|x86
		{77E0AECB-C99C-40AC-9CEC-04A59D82AE90}.Debug|Mixed Platforms.Build.0 = Debug|x86
		{77E0AECB-C99C-40AC-9CEC-04A59D82AE90}.Debug|x64.ActiveCfg = Debug|x64
		{77E0AECB-C99C-40AC-9CEC-04A59D82AE90}.Debug|x64.Build.0 = Debug|x64
		{77E0AECB-C99C-40AC-9CEC-04A59D82AE90}.Debug|x86.ActiveCfg = Debug|x86
		{77E0AECB-C99C-40AC-9CEC-04A59D82AE90}.Debug|x86.Build.0 = Debug|x86
		{77E0AECB-C99C-40AC-9CEC-04A59D82AE90}.Release|.NET.ActiveCfg = Release|Any CPU
		{77E0AECB-C99C-40AC-9CEC-04A59D82AE90}.Release|Any CPU.ActiveCfg = Release|Any CPU
		{77E0AECB-C99C-40AC-9CEC-04A59D82AE90}.Release|Any CPU.Build.0 = Release|Any CPU
		{77E0AECB-C99C-40AC-9CEC-04A59D82AE90}.Release|Mixed Platforms.ActiveCfg = Release|x86
		{77E0AECB-C99C-40AC-9CEC-04A59D82AE90}.Release|Mixed Platforms.Build.0 = Release|x86
		{77E0AECB-C99C-40AC-9CEC-04A59D82AE90}.Release|x64.ActiveCfg = Release|x64
		{77E0AECB-C99C-40AC-9CEC-04A59D82AE90}.Release|x64.Build.0 = Release|x64
		{77E0AECB-C99C-40AC-9CEC-04A59D82AE90}.Release|x86.ActiveCfg = Release|x86
		{77E0AECB-C99C-40AC-9CEC-04A59D82AE90}.Release|x86.Build.0 = Release|x86
		{FAF62E09-6F1D-4545-ABD5-E95F3FD93F9A}.Debug|.NET.ActiveCfg = Debug|x86
		{FAF62E09-6F1D-4545-ABD5-E95F3FD93F9A}.Debug|Any CPU.ActiveCfg = Debug|Any CPU
		{FAF62E09-6F1D-4545-ABD5-E95F3FD93F9A}.Debug|Any CPU.Build.0 = Debug|Any CPU
		{FAF62E09-6F1D-4545-ABD5-E95F3FD93F9A}.Debug|Mixed Platforms.ActiveCfg = Debug|x86
		{FAF62E09-6F1D-4545-ABD5-E95F3FD93F9A}.Debug|Mixed Platforms.Build.0 = Debug|x86
		{FAF62E09-6F1D-4545-ABD5-E95F3FD93F9A}.Debug|x64.ActiveCfg = Debug|x64
		{FAF62E09-6F1D-4545-ABD5-E95F3FD93F9A}.Debug|x64.Build.0 = Debug|x64
		{FAF62E09-6F1D-4545-ABD5-E95F3FD93F9A}.Debug|x86.ActiveCfg = Debug|x86
		{FAF62E09-6F1D-4545-ABD5-E95F3FD93F9A}.Debug|x86.Build.0 = Debug|x86
		{FAF62E09-6F1D-4545-ABD5-E95F3FD93F9A}.Release|.NET.ActiveCfg = Release|x86
		{FAF62E09-6F1D-4545-ABD5-E95F3FD93F9A}.Release|Any CPU.ActiveCfg = Release|Any CPU
		{FAF62E09-6F1D-4545-ABD5-E95F3FD93F9A}.Release|Any CPU.Build.0 = Release|Any CPU
		{FAF62E09-6F1D-4545-ABD5-E95F3FD93F9A}.Release|Mixed Platforms.ActiveCfg = Release|x86
		{FAF62E09-6F1D-4545-ABD5-E95F3FD93F9A}.Release|Mixed Platforms.Build.0 = Release|x86
		{FAF62E09-6F1D-4545-ABD5-E95F3FD93F9A}.Release|x64.ActiveCfg = Release|x64
		{FAF62E09-6F1D-4545-ABD5-E95F3FD93F9A}.Release|x64.Build.0 = Release|x64
		{FAF62E09-6F1D-4545-ABD5-E95F3FD93F9A}.Release|x86.ActiveCfg = Release|x86
		{FAF62E09-6F1D-4545-ABD5-E95F3FD93F9A}.Release|x86.Build.0 = Release|x86
		{1FF166EC-995A-433C-AA50-AF7E07134767}.Debug|.NET.ActiveCfg = Debug|x86
		{1FF166EC-995A-433C-AA50-AF7E07134767}.Debug|Any CPU.ActiveCfg = Debug|Any CPU
		{1FF166EC-995A-433C-AA50-AF7E07134767}.Debug|Any CPU.Build.0 = Debug|Any CPU
		{1FF166EC-995A-433C-AA50-AF7E07134767}.Debug|Mixed Platforms.ActiveCfg = Debug|x86
		{1FF166EC-995A-433C-AA50-AF7E07134767}.Debug|Mixed Platforms.Build.0 = Debug|x86
		{1FF166EC-995A-433C-AA50-AF7E07134767}.Debug|x64.ActiveCfg = Debug|x64
		{1FF166EC-995A-433C-AA50-AF7E07134767}.Debug|x64.Build.0 = Debug|x64
		{1FF166EC-995A-433C-AA50-AF7E07134767}.Debug|x86.ActiveCfg = Debug|x86
		{1FF166EC-995A-433C-AA50-AF7E07134767}.Debug|x86.Build.0 = Debug|x86
		{1FF166EC-995A-433C-AA50-AF7E07134767}.Release|.NET.ActiveCfg = Release|x86
		{1FF166EC-995A-433C-AA50-AF7E07134767}.Release|Any CPU.ActiveCfg = Release|Any CPU
		{1FF166EC-995A-433C-AA50-AF7E07134767}.Release|Any CPU.Build.0 = Release|Any CPU
		{1FF166EC-995A-433C-AA50-AF7E07134767}.Release|Mixed Platforms.ActiveCfg = Release|x86
		{1FF166EC-995A-433C-AA50-AF7E07134767}.Release|Mixed Platforms.Build.0 = Release|x86
		{1FF166EC-995A-433C-AA50-AF7E07134767}.Release|x64.ActiveCfg = Release|x64
		{1FF166EC-995A-433C-AA50-AF7E07134767}.Release|x64.Build.0 = Release|x64
		{1FF166EC-995A-433C-AA50-AF7E07134767}.Release|x86.ActiveCfg = Release|x86
		{1FF166EC-995A-433C-AA50-AF7E07134767}.Release|x86.Build.0 = Release|x86
		{F8D6DF6B-9F41-4BEE-AE51-B9DA273F80BC}.Debug|.NET.ActiveCfg = Debug|x86
		{F8D6DF6B-9F41-4BEE-AE51-B9DA273F80BC}.Debug|Any CPU.ActiveCfg = Debug|Any CPU
		{F8D6DF6B-9F41-4BEE-AE51-B9DA273F80BC}.Debug|Any CPU.Build.0 = Debug|Any CPU
		{F8D6DF6B-9F41-4BEE-AE51-B9DA273F80BC}.Debug|Mixed Platforms.ActiveCfg = Debug|x86
		{F8D6DF6B-9F41-4BEE-AE51-B9DA273F80BC}.Debug|Mixed Platforms.Build.0 = Debug|x86
		{F8D6DF6B-9F41-4BEE-AE51-B9DA273F80BC}.Debug|x64.ActiveCfg = Debug|x64
		{F8D6DF6B-9F41-4BEE-AE51-B9DA273F80BC}.Debug|x64.Build.0 = Debug|x64
		{F8D6DF6B-9F41-4BEE-AE51-B9DA273F80BC}.Debug|x86.ActiveCfg = Debug|x86
		{F8D6DF6B-9F41-4BEE-AE51-B9DA273F80BC}.Debug|x86.Build.0 = Debug|x86
		{F8D6DF6B-9F41-4BEE-AE51-B9DA273F80BC}.Release|.NET.ActiveCfg = Release|x86
		{F8D6DF6B-9F41-4BEE-AE51-B9DA273F80BC}.Release|Any CPU.ActiveCfg = Release|Any CPU
		{F8D6DF6B-9F41-4BEE-AE51-B9DA273F80BC}.Release|Any CPU.Build.0 = Release|Any CPU
		{F8D6DF6B-9F41-4BEE-AE51-B9DA273F80BC}.Release|Mixed Platforms.ActiveCfg = Release|x86
		{F8D6DF6B-9F41-4BEE-AE51-B9DA273F80BC}.Release|Mixed Platforms.Build.0 = Release|x86
		{F8D6DF6B-9F41-4BEE-AE51-B9DA273F80BC}.Release|x64.ActiveCfg = Release|x64
		{F8D6DF6B-9F41-4BEE-AE51-B9DA273F80BC}.Release|x64.Build.0 = Release|x64
		{F8D6DF6B-9F41-4BEE-AE51-B9DA273F80BC}.Release|x86.ActiveCfg = Release|x86
		{F8D6DF6B-9F41-4BEE-AE51-B9DA273F80BC}.Release|x86.Build.0 = Release|x86
		{62A964F3-C36D-46DE-938F-1D04DAA80C45}.Debug|.NET.ActiveCfg = Debug|x86
		{62A964F3-C36D-46DE-938F-1D04DAA80C45}.Debug|Any CPU.ActiveCfg = Debug|Any CPU
		{62A964F3-C36D-46DE-938F-1D04DAA80C45}.Debug|Any CPU.Build.0 = Debug|Any CPU
		{62A964F3-C36D-46DE-938F-1D04DAA80C45}.Debug|Mixed Platforms.ActiveCfg = Debug|x86
		{62A964F3-C36D-46DE-938F-1D04DAA80C45}.Debug|Mixed Platforms.Build.0 = Debug|x86
		{62A964F3-C36D-46DE-938F-1D04DAA80C45}.Debug|x64.ActiveCfg = Debug|x64
		{62A964F3-C36D-46DE-938F-1D04DAA80C45}.Debug|x64.Build.0 = Debug|x64
		{62A964F3-C36D-46DE-938F-1D04DAA80C45}.Debug|x86.ActiveCfg = Debug|x86
		{62A964F3-C36D-46DE-938F-1D04DAA80C45}.Debug|x86.Build.0 = Debug|x86
		{62A964F3-C36D-46DE-938F-1D04DAA80C45}.Release|.NET.ActiveCfg = Release|x86
		{62A964F3-C36D-46DE-938F-1D04DAA80C45}.Release|Any CPU.ActiveCfg = Release|Any CPU
		{62A964F3-C36D-46DE-938F-1D04DAA80C45}.Release|Any CPU.Build.0 = Release|Any CPU
		{62A964F3-C36D-46DE-938F-1D04DAA80C45}.Release|Mixed Platforms.ActiveCfg = Release|x86
		{62A964F3-C36D-46DE-938F-1D04DAA80C45}.Release|Mixed Platforms.Build.0 = Release|x86
		{62A964F3-C36D-46DE-938F-1D04DAA80C45}.Release|x64.ActiveCfg = Release|x64
		{62A964F3-C36D-46DE-938F-1D04DAA80C45}.Release|x64.Build.0 = Release|x64
		{62A964F3-C36D-46DE-938F-1D04DAA80C45}.Release|x86.ActiveCfg = Release|x86
		{62A964F3-C36D-46DE-938F-1D04DAA80C45}.Release|x86.Build.0 = Release|x86
		{850B793E-7655-4575-AF88-CA238D7CEEDA}.Debug|.NET.ActiveCfg = Debug|x86
		{850B793E-7655-4575-AF88-CA238D7CEEDA}.Debug|Any CPU.ActiveCfg = Debug|Any CPU
		{850B793E-7655-4575-AF88-CA238D7CEEDA}.Debug|Any CPU.Build.0 = Debug|Any CPU
		{850B793E-7655-4575-AF88-CA238D7CEEDA}.Debug|Mixed Platforms.ActiveCfg = Debug|x86
		{850B793E-7655-4575-AF88-CA238D7CEEDA}.Debug|Mixed Platforms.Build.0 = Debug|x86
		{850B793E-7655-4575-AF88-CA238D7CEEDA}.Debug|x64.ActiveCfg = Debug|x64
		{850B793E-7655-4575-AF88-CA238D7CEEDA}.Debug|x64.Build.0 = Debug|x64
		{850B793E-7655-4575-AF88-CA238D7CEEDA}.Debug|x86.ActiveCfg = Debug|x86
		{850B793E-7655-4575-AF88-CA238D7CEEDA}.Debug|x86.Build.0 = Debug|x86
		{850B793E-7655-4575-AF88-CA238D7CEEDA}.Release|.NET.ActiveCfg = Release|x86
		{850B793E-7655-4575-AF88-CA238D7CEEDA}.Release|Any CPU.ActiveCfg = Release|Any CPU
		{850B793E-7655-4575-AF88-CA238D7CEEDA}.Release|Any CPU.Build.0 = Release|Any CPU
		{850B793E-7655-4575-AF88-CA238D7CEEDA}.Release|Mixed Platforms.ActiveCfg = Release|x86
		{850B793E-7655-4575-AF88-CA238D7CEEDA}.Release|Mixed Platforms.Build.0 = Release|x86
		{850B793E-7655-4575-AF88-CA238D7CEEDA}.Release|x64.ActiveCfg = Release|x64
		{850B793E-7655-4575-AF88-CA238D7CEEDA}.Release|x64.Build.0 = Release|x64
		{850B793E-7655-4575-AF88-CA238D7CEEDA}.Release|x86.ActiveCfg = Release|x86
		{850B793E-7655-4575-AF88-CA238D7CEEDA}.Release|x86.Build.0 = Release|x86
		{169F5E5F-D5E6-4DCA-8571-A1D4E6188B97}.Debug|.NET.ActiveCfg = Debug|Any CPU
		{169F5E5F-D5E6-4DCA-8571-A1D4E6188B97}.Debug|Any CPU.ActiveCfg = Debug|Any CPU
		{169F5E5F-D5E6-4DCA-8571-A1D4E6188B97}.Debug|Any CPU.Build.0 = Debug|Any CPU
		{169F5E5F-D5E6-4DCA-8571-A1D4E6188B97}.Debug|Mixed Platforms.ActiveCfg = Debug|x86
		{169F5E5F-D5E6-4DCA-8571-A1D4E6188B97}.Debug|Mixed Platforms.Build.0 = Debug|x86
		{169F5E5F-D5E6-4DCA-8571-A1D4E6188B97}.Debug|x64.ActiveCfg = Debug|x64
		{169F5E5F-D5E6-4DCA-8571-A1D4E6188B97}.Debug|x64.Build.0 = Debug|x64
		{169F5E5F-D5E6-4DCA-8571-A1D4E6188B97}.Debug|x86.ActiveCfg = Debug|x86
		{169F5E5F-D5E6-4DCA-8571-A1D4E6188B97}.Debug|x86.Build.0 = Debug|x86
		{169F5E5F-D5E6-4DCA-8571-A1D4E6188B97}.Release|.NET.ActiveCfg = Release|Any CPU
		{169F5E5F-D5E6-4DCA-8571-A1D4E6188B97}.Release|Any CPU.ActiveCfg = Release|Any CPU
		{169F5E5F-D5E6-4DCA-8571-A1D4E6188B97}.Release|Any CPU.Build.0 = Release|Any CPU
		{169F5E5F-D5E6-4DCA-8571-A1D4E6188B97}.Release|Mixed Platforms.ActiveCfg = Release|x86
		{169F5E5F-D5E6-4DCA-8571-A1D4E6188B97}.Release|Mixed Platforms.Build.0 = Release|x86
		{169F5E5F-D5E6-4DCA-8571-A1D4E6188B97}.Release|x64.ActiveCfg = Release|x64
		{169F5E5F-D5E6-4DCA-8571-A1D4E6188B97}.Release|x64.Build.0 = Release|x64
		{169F5E5F-D5E6-4DCA-8571-A1D4E6188B97}.Release|x86.ActiveCfg = Release|x86
		{169F5E5F-D5E6-4DCA-8571-A1D4E6188B97}.Release|x86.Build.0 = Release|x86
		{295E5A5E-42BD-4718-B50B-25C1DD6F9744}.Debug|.NET.ActiveCfg = Debug|Any CPU
		{295E5A5E-42BD-4718-B50B-25C1DD6F9744}.Debug|.NET.Build.0 = Debug|Any CPU
		{295E5A5E-42BD-4718-B50B-25C1DD6F9744}.Debug|Any CPU.ActiveCfg = Debug|Any CPU
		{295E5A5E-42BD-4718-B50B-25C1DD6F9744}.Debug|Any CPU.Build.0 = Debug|Any CPU
		{295E5A5E-42BD-4718-B50B-25C1DD6F9744}.Debug|Mixed Platforms.ActiveCfg = Debug|x86
		{295E5A5E-42BD-4718-B50B-25C1DD6F9744}.Debug|Mixed Platforms.Build.0 = Debug|x86
		{295E5A5E-42BD-4718-B50B-25C1DD6F9744}.Debug|x64.ActiveCfg = Debug|x64
		{295E5A5E-42BD-4718-B50B-25C1DD6F9744}.Debug|x64.Build.0 = Debug|x64
		{295E5A5E-42BD-4718-B50B-25C1DD6F9744}.Debug|x86.ActiveCfg = Debug|x86
		{295E5A5E-42BD-4718-B50B-25C1DD6F9744}.Debug|x86.Build.0 = Debug|x86
		{295E5A5E-42BD-4718-B50B-25C1DD6F9744}.Release|.NET.ActiveCfg = Release|Any CPU
		{295E5A5E-42BD-4718-B50B-25C1DD6F9744}.Release|.NET.Build.0 = Release|Any CPU
		{295E5A5E-42BD-4718-B50B-25C1DD6F9744}.Release|Any CPU.ActiveCfg = Release|Any CPU
		{295E5A5E-42BD-4718-B50B-25C1DD6F9744}.Release|Any CPU.Build.0 = Release|Any CPU
		{295E5A5E-42BD-4718-B50B-25C1DD6F9744}.Release|Mixed Platforms.ActiveCfg = Release|x86
		{295E5A5E-42BD-4718-B50B-25C1DD6F9744}.Release|Mixed Platforms.Build.0 = Release|x86
		{295E5A5E-42BD-4718-B50B-25C1DD6F9744}.Release|x64.ActiveCfg = Release|x64
		{295E5A5E-42BD-4718-B50B-25C1DD6F9744}.Release|x64.Build.0 = Release|x64
		{295E5A5E-42BD-4718-B50B-25C1DD6F9744}.Release|x86.ActiveCfg = Release|x86
		{295E5A5E-42BD-4718-B50B-25C1DD6F9744}.Release|x86.Build.0 = Release|x86
	EndGlobalSection
	GlobalSection(SolutionProperties) = preSolution
		HideSolutionNode = FALSE
	EndGlobalSection
	GlobalSection(ExtensibilityGlobals) = postSolution
		VisualSVNWorkingCopyRoot = .
		SolutionGuid = {3D8E0975-3EC8-4A98-923B-2C001FC88F12}
	EndGlobalSection
EndGlobal
